
Microsoft Visual Studio Solution File, Format Version 12.00
# Visual Studio Version 17
VisualStudioVersion = 17.0.31903.59
MinimumVisualStudioVersion = 10.0.40219.1
Project("{2150E333-8FDC-42A3-9474-1A3956D46DE8}") = "endpoint", "endpoint", "{583B6C67-C74B-40F7-8E76-5774DA1C910E}"
EndProject
Project("{2150E333-8FDC-42A3-9474-1A3956D46DE8}") = "app", "app", "{40F07027-1838-47E7-AB01-1FAC92AC08A7}"
EndProject
Project("{9A19103F-16F7-4668-BE54-9A1E7A4F7556}") = "Application", "src\app\Application\Application.csproj", "{802EA5D5-8FE5-489A-8392-328E93C17A53}"
EndProject
Project("{2150E333-8FDC-42A3-9474-1A3956D46DE8}") = "Profile.Get", "Profile.Get", "{593642A5-9CAB-43B9-B52D-D6B140573917}"
EndProject
Project("{9A19103F-16F7-4668-BE54-9A1E7A4F7556}") = "Contract", "src\endpoint\Profile.Get\Contract\Contract.csproj", "{4A77E55F-E883-41AC-8D9C-15E0A12C9C7A}"
EndProject
Project("{9A19103F-16F7-4668-BE54-9A1E7A4F7556}") = "Endpoint", "src\endpoint\Profile.Get\Endpoint\Endpoint.csproj", "{7A1311C5-F103-470B-87B8-A3A835A1066E}"
EndProject
Project("{9A19103F-16F7-4668-BE54-9A1E7A4F7556}") = "Test", "src\endpoint\Profile.Get\Test\Test.csproj", "{D057C224-DB30-4F94-8097-E0D756C30FD4}"
EndProject
Project("{2150E333-8FDC-42A3-9474-1A3956D46DE8}") = "Profile.Update", "Profile.Update", "{77476330-D125-42A1-9F98-D106E12D3AF7}"
EndProject
Project("{9A19103F-16F7-4668-BE54-9A1E7A4F7556}") = "Contract", "src\endpoint\Profile.Update\Contract\Contract.csproj", "{A1399E3B-504C-4A59-AD9B-847E2174B1D0}"
EndProject
Project("{9A19103F-16F7-4668-BE54-9A1E7A4F7556}") = "Endpoint", "src\endpoint\Profile.Update\Endpoint\Endpoint.csproj", "{28E7C2F0-D033-44D9-A562-E0C8A20A5262}"
EndProject
Project("{9A19103F-16F7-4668-BE54-9A1E7A4F7556}") = "Test", "src\endpoint\Profile.Update\Test\Test.csproj", "{C6710205-4866-45A2-BF8A-BB1930C68571}"
EndProject
Project("{2150E333-8FDC-42A3-9474-1A3956D46DE8}") = "User.SignOut", "User.SignOut", "{67509FD2-F5B0-4DC3-8DE3-83BEE129BB37}"
EndProject
Project("{9A19103F-16F7-4668-BE54-9A1E7A4F7556}") = "Contract", "src\endpoint\User.SignOut\Contract\Contract.csproj", "{7CA7C52A-D516-4BF0-90D3-55F76A7E3604}"
EndProject
Project("{9A19103F-16F7-4668-BE54-9A1E7A4F7556}") = "Endpoint", "src\endpoint\User.SignOut\Endpoint\Endpoint.csproj", "{3DFDEB81-9783-4A8C-85E7-5ADEEEB58F45}"
EndProject
Project("{9A19103F-16F7-4668-BE54-9A1E7A4F7556}") = "Test", "src\endpoint\User.SignOut\Test\Test.csproj", "{42DD0C03-D695-4EA1-A700-4021DC0033F4}"
EndProject
Project("{2150E333-8FDC-42A3-9474-1A3956D46DE8}") = "User.SignIn", "User.SignIn", "{F0CD7A2D-6F58-4A3B-875E-D40EE2B85912}"
EndProject
Project("{9A19103F-16F7-4668-BE54-9A1E7A4F7556}") = "Contract", "src\endpoint\User.SignIn\Contract\Contract.csproj", "{8D7297FA-9D3B-4090-8BA2-FDBBB7F9C480}"
EndProject
Project("{9A19103F-16F7-4668-BE54-9A1E7A4F7556}") = "Endpoint", "src\endpoint\User.SignIn\Endpoint\Endpoint.csproj", "{3B265FEA-75E5-4E3B-9C77-5A7D530C46B0}"
EndProject
Project("{9A19103F-16F7-4668-BE54-9A1E7A4F7556}") = "Test", "src\endpoint\User.SignIn\Test\Test.csproj", "{372663B6-13C4-4E89-A287-16E832314459}"
EndProject
Project("{2150E333-8FDC-42A3-9474-1A3956D46DE8}") = "service", "service", "{D76C4BA9-F126-4EC3-B68C-D6BA465C44AE}"
EndProject
Project("{2150E333-8FDC-42A3-9474-1A3956D46DE8}") = "BotApi", "BotApi", "{34C62CBF-65E4-4680-9017-7710B36792D0}"
EndProject
Project("{FAE04EC0-301F-11D3-BF4B-00C04F79EFBC}") = "Contract", "src\service\BotApi\Contract\Contract.csproj", "{4F621D30-3B99-4B85-A42A-01F773125562}"
EndProject
Project("{FAE04EC0-301F-11D3-BF4B-00C04F79EFBC}") = "Api", "src\service\BotApi\Api\Api.csproj", "{295188BC-2955-4176-A073-F1E3AEBFF387}"
EndProject
Project("{FAE04EC0-301F-11D3-BF4B-00C04F79EFBC}") = "Test", "src\service\BotApi\Test\Test.csproj", "{9AC712DC-1412-4868-AE42-0BBE780DF870}"
EndProject
Global
	GlobalSection(SolutionConfigurationPlatforms) = preSolution
		Debug|Any CPU = Debug|Any CPU
		Release|Any CPU = Release|Any CPU
	EndGlobalSection
	GlobalSection(ProjectConfigurationPlatforms) = postSolution
		{802EA5D5-8FE5-489A-8392-328E93C17A53}.Debug|Any CPU.ActiveCfg = Debug|Any CPU
		{802EA5D5-8FE5-489A-8392-328E93C17A53}.Debug|Any CPU.Build.0 = Debug|Any CPU
		{802EA5D5-8FE5-489A-8392-328E93C17A53}.Release|Any CPU.ActiveCfg = Release|Any CPU
		{802EA5D5-8FE5-489A-8392-328E93C17A53}.Release|Any CPU.Build.0 = Release|Any CPU
		{4A77E55F-E883-41AC-8D9C-15E0A12C9C7A}.Debug|Any CPU.ActiveCfg = Debug|Any CPU
		{4A77E55F-E883-41AC-8D9C-15E0A12C9C7A}.Debug|Any CPU.Build.0 = Debug|Any CPU
		{4A77E55F-E883-41AC-8D9C-15E0A12C9C7A}.Release|Any CPU.ActiveCfg = Release|Any CPU
		{4A77E55F-E883-41AC-8D9C-15E0A12C9C7A}.Release|Any CPU.Build.0 = Release|Any CPU
		{7A1311C5-F103-470B-87B8-A3A835A1066E}.Debug|Any CPU.ActiveCfg = Debug|Any CPU
		{7A1311C5-F103-470B-87B8-A3A835A1066E}.Debug|Any CPU.Build.0 = Debug|Any CPU
		{7A1311C5-F103-470B-87B8-A3A835A1066E}.Release|Any CPU.ActiveCfg = Release|Any CPU
		{7A1311C5-F103-470B-87B8-A3A835A1066E}.Release|Any CPU.Build.0 = Release|Any CPU
		{D057C224-DB30-4F94-8097-E0D756C30FD4}.Debug|Any CPU.ActiveCfg = Debug|Any CPU
		{D057C224-DB30-4F94-8097-E0D756C30FD4}.Debug|Any CPU.Build.0 = Debug|Any CPU
		{D057C224-DB30-4F94-8097-E0D756C30FD4}.Release|Any CPU.ActiveCfg = Release|Any CPU
		{D057C224-DB30-4F94-8097-E0D756C30FD4}.Release|Any CPU.Build.0 = Release|Any CPU
		{A1399E3B-504C-4A59-AD9B-847E2174B1D0}.Debug|Any CPU.ActiveCfg = Debug|Any CPU
		{A1399E3B-504C-4A59-AD9B-847E2174B1D0}.Debug|Any CPU.Build.0 = Debug|Any CPU
		{A1399E3B-504C-4A59-AD9B-847E2174B1D0}.Release|Any CPU.ActiveCfg = Release|Any CPU
		{A1399E3B-504C-4A59-AD9B-847E2174B1D0}.Release|Any CPU.Build.0 = Release|Any CPU
		{28E7C2F0-D033-44D9-A562-E0C8A20A5262}.Debug|Any CPU.ActiveCfg = Debug|Any CPU
		{28E7C2F0-D033-44D9-A562-E0C8A20A5262}.Debug|Any CPU.Build.0 = Debug|Any CPU
		{28E7C2F0-D033-44D9-A562-E0C8A20A5262}.Release|Any CPU.ActiveCfg = Release|Any CPU
		{28E7C2F0-D033-44D9-A562-E0C8A20A5262}.Release|Any CPU.Build.0 = Release|Any CPU
		{C6710205-4866-45A2-BF8A-BB1930C68571}.Debug|Any CPU.ActiveCfg = Debug|Any CPU
		{C6710205-4866-45A2-BF8A-BB1930C68571}.Debug|Any CPU.Build.0 = Debug|Any CPU
		{C6710205-4866-45A2-BF8A-BB1930C68571}.Release|Any CPU.ActiveCfg = Release|Any CPU
		{C6710205-4866-45A2-BF8A-BB1930C68571}.Release|Any CPU.Build.0 = Release|Any CPU
		{7CA7C52A-D516-4BF0-90D3-55F76A7E3604}.Debug|Any CPU.ActiveCfg = Debug|Any CPU
		{7CA7C52A-D516-4BF0-90D3-55F76A7E3604}.Debug|Any CPU.Build.0 = Debug|Any CPU
		{7CA7C52A-D516-4BF0-90D3-55F76A7E3604}.Release|Any CPU.ActiveCfg = Release|Any CPU
		{7CA7C52A-D516-4BF0-90D3-55F76A7E3604}.Release|Any CPU.Build.0 = Release|Any CPU
		{3DFDEB81-9783-4A8C-85E7-5ADEEEB58F45}.Debug|Any CPU.ActiveCfg = Debug|Any CPU
		{3DFDEB81-9783-4A8C-85E7-5ADEEEB58F45}.Debug|Any CPU.Build.0 = Debug|Any CPU
		{3DFDEB81-9783-4A8C-85E7-5ADEEEB58F45}.Release|Any CPU.ActiveCfg = Release|Any CPU
		{3DFDEB81-9783-4A8C-85E7-5ADEEEB58F45}.Release|Any CPU.Build.0 = Release|Any CPU
		{42DD0C03-D695-4EA1-A700-4021DC0033F4}.Debug|Any CPU.ActiveCfg = Debug|Any CPU
		{42DD0C03-D695-4EA1-A700-4021DC0033F4}.Debug|Any CPU.Build.0 = Debug|Any CPU
		{42DD0C03-D695-4EA1-A700-4021DC0033F4}.Release|Any CPU.ActiveCfg = Release|Any CPU
		{42DD0C03-D695-4EA1-A700-4021DC0033F4}.Release|Any CPU.Build.0 = Release|Any CPU
		{8D7297FA-9D3B-4090-8BA2-FDBBB7F9C480}.Debug|Any CPU.ActiveCfg = Debug|Any CPU
		{8D7297FA-9D3B-4090-8BA2-FDBBB7F9C480}.Debug|Any CPU.Build.0 = Debug|Any CPU
		{8D7297FA-9D3B-4090-8BA2-FDBBB7F9C480}.Release|Any CPU.ActiveCfg = Release|Any CPU
		{8D7297FA-9D3B-4090-8BA2-FDBBB7F9C480}.Release|Any CPU.Build.0 = Release|Any CPU
		{3B265FEA-75E5-4E3B-9C77-5A7D530C46B0}.Debug|Any CPU.ActiveCfg = Debug|Any CPU
		{3B265FEA-75E5-4E3B-9C77-5A7D530C46B0}.Debug|Any CPU.Build.0 = Debug|Any CPU
		{3B265FEA-75E5-4E3B-9C77-5A7D530C46B0}.Release|Any CPU.ActiveCfg = Release|Any CPU
		{3B265FEA-75E5-4E3B-9C77-5A7D530C46B0}.Release|Any CPU.Build.0 = Release|Any CPU
		{372663B6-13C4-4E89-A287-16E832314459}.Debug|Any CPU.ActiveCfg = Debug|Any CPU
		{372663B6-13C4-4E89-A287-16E832314459}.Debug|Any CPU.Build.0 = Debug|Any CPU
		{372663B6-13C4-4E89-A287-16E832314459}.Release|Any CPU.ActiveCfg = Release|Any CPU
		{372663B6-13C4-4E89-A287-16E832314459}.Release|Any CPU.Build.0 = Release|Any CPU
		{4F621D30-3B99-4B85-A42A-01F773125562}.Debug|Any CPU.ActiveCfg = Debug|Any CPU
		{4F621D30-3B99-4B85-A42A-01F773125562}.Debug|Any CPU.Build.0 = Debug|Any CPU
		{4F621D30-3B99-4B85-A42A-01F773125562}.Release|Any CPU.ActiveCfg = Release|Any CPU
		{4F621D30-3B99-4B85-A42A-01F773125562}.Release|Any CPU.Build.0 = Release|Any CPU
		{295188BC-2955-4176-A073-F1E3AEBFF387}.Debug|Any CPU.ActiveCfg = Debug|Any CPU
		{295188BC-2955-4176-A073-F1E3AEBFF387}.Debug|Any CPU.Build.0 = Debug|Any CPU
		{295188BC-2955-4176-A073-F1E3AEBFF387}.Release|Any CPU.ActiveCfg = Release|Any CPU
		{295188BC-2955-4176-A073-F1E3AEBFF387}.Release|Any CPU.Build.0 = Release|Any CPU
		{9AC712DC-1412-4868-AE42-0BBE780DF870}.Debug|Any CPU.ActiveCfg = Debug|Any CPU
		{9AC712DC-1412-4868-AE42-0BBE780DF870}.Debug|Any CPU.Build.0 = Debug|Any CPU
		{9AC712DC-1412-4868-AE42-0BBE780DF870}.Release|Any CPU.ActiveCfg = Release|Any CPU
		{9AC712DC-1412-4868-AE42-0BBE780DF870}.Release|Any CPU.Build.0 = Release|Any CPU
	EndGlobalSection
	GlobalSection(SolutionProperties) = preSolution
		HideSolutionNode = FALSE
	EndGlobalSection
	GlobalSection(NestedProjects) = preSolution
		{802EA5D5-8FE5-489A-8392-328E93C17A53} = {40F07027-1838-47E7-AB01-1FAC92AC08A7}
		{593642A5-9CAB-43B9-B52D-D6B140573917} = {583B6C67-C74B-40F7-8E76-5774DA1C910E}
		{4A77E55F-E883-41AC-8D9C-15E0A12C9C7A} = {593642A5-9CAB-43B9-B52D-D6B140573917}
		{7A1311C5-F103-470B-87B8-A3A835A1066E} = {593642A5-9CAB-43B9-B52D-D6B140573917}
		{D057C224-DB30-4F94-8097-E0D756C30FD4} = {593642A5-9CAB-43B9-B52D-D6B140573917}
		{77476330-D125-42A1-9F98-D106E12D3AF7} = {583B6C67-C74B-40F7-8E76-5774DA1C910E}
		{A1399E3B-504C-4A59-AD9B-847E2174B1D0} = {77476330-D125-42A1-9F98-D106E12D3AF7}
		{28E7C2F0-D033-44D9-A562-E0C8A20A5262} = {77476330-D125-42A1-9F98-D106E12D3AF7}
		{C6710205-4866-45A2-BF8A-BB1930C68571} = {77476330-D125-42A1-9F98-D106E12D3AF7}
		{67509FD2-F5B0-4DC3-8DE3-83BEE129BB37} = {583B6C67-C74B-40F7-8E76-5774DA1C910E}
		{7CA7C52A-D516-4BF0-90D3-55F76A7E3604} = {67509FD2-F5B0-4DC3-8DE3-83BEE129BB37}
		{3DFDEB81-9783-4A8C-85E7-5ADEEEB58F45} = {67509FD2-F5B0-4DC3-8DE3-83BEE129BB37}
		{42DD0C03-D695-4EA1-A700-4021DC0033F4} = {67509FD2-F5B0-4DC3-8DE3-83BEE129BB37}
		{F0CD7A2D-6F58-4A3B-875E-D40EE2B85912} = {583B6C67-C74B-40F7-8E76-5774DA1C910E}
		{8D7297FA-9D3B-4090-8BA2-FDBBB7F9C480} = {F0CD7A2D-6F58-4A3B-875E-D40EE2B85912}
		{3B265FEA-75E5-4E3B-9C77-5A7D530C46B0} = {F0CD7A2D-6F58-4A3B-875E-D40EE2B85912}
		{372663B6-13C4-4E89-A287-16E832314459} = {F0CD7A2D-6F58-4A3B-875E-D40EE2B85912}
		{34C62CBF-65E4-4680-9017-7710B36792D0} = {D76C4BA9-F126-4EC3-B68C-D6BA465C44AE}
		{4F621D30-3B99-4B85-A42A-01F773125562} = {34C62CBF-65E4-4680-9017-7710B36792D0}
		{295188BC-2955-4176-A073-F1E3AEBFF387} = {34C62CBF-65E4-4680-9017-7710B36792D0}
		{9AC712DC-1412-4868-AE42-0BBE780DF870} = {34C62CBF-65E4-4680-9017-7710B36792D0}
	EndGlobalSection
	GlobalSection(ExtensibilityGlobals) = postSolution
		SolutionGuid = {649D8F17-1EA1-44B9-944C-F16B28858588}
	EndGlobalSection
EndGlobal
